
Microsoft Visual Studio Solution File, Format Version 12.00
# Visual Studio Version 16
VisualStudioVersion = 16.0.31729.503
MinimumVisualStudioVersion = 10.0.40219.1
Project("{FAE04EC0-301F-11D3-BF4B-00C04F79EFBC}") = "T2009M1HelloUWP", "T2009M1HelloUWP\T2009M1HelloUWP.csproj", "{DE9E8AED-414F-4228-9D52-E29E6E86DFF2}"
EndProject
Project("{2150E333-8FDC-42A3-9474-1A3956D46DE8}") = "Solution Items", "Solution Items", "{5463049E-558F-4B31-A1EA-897DD0529457}"
	ProjectSection(SolutionItems) = preProject
		.editorconfig = .editorconfig
	EndProjectSection
EndProject
Global
	GlobalSection(SolutionConfigurationPlatforms) = preSolution
		Debug|ARM = Debug|ARM
		Debug|ARM64 = Debug|ARM64
		Debug|x64 = Debug|x64
		Debug|x86 = Debug|x86
		Release|ARM = Release|ARM
		Release|ARM64 = Release|ARM64
		Release|x64 = Release|x64
		Release|x86 = Release|x86
	EndGlobalSection
	GlobalSection(ProjectConfigurationPlatforms) = postSolution
		{DE9E8AED-414F-4228-9D52-E29E6E86DFF2}.Debug|ARM.ActiveCfg = Debug|ARM
		{DE9E8AED-414F-4228-9D52-E29E6E86DFF2}.Debug|ARM.Build.0 = Debug|ARM
		{DE9E8AED-414F-4228-9D52-E29E6E86DFF2}.Debug|ARM.Deploy.0 = Debug|ARM
		{DE9E8AED-414F-4228-9D52-E29E6E86DFF2}.Debug|ARM64.ActiveCfg = Debug|ARM64
		{DE9E8AED-414F-4228-9D52-E29E6E86DFF2}.Debug|ARM64.Build.0 = Debug|ARM64
		{DE9E8AED-414F-4228-9D52-E29E6E86DFF2}.Debug|ARM64.Deploy.0 = Debug|ARM64
		{DE9E8AED-414F-4228-9D52-E29E6E86DFF2}.Debug|x64.ActiveCfg = Debug|x64
		{DE9E8AED-414F-4228-9D52-E29E6E86DFF2}.Debug|x64.Build.0 = Debug|x64
		{DE9E8AED-414F-4228-9D52-E29E6E86DFF2}.Debug|x64.Deploy.0 = Debug|x64
		{DE9E8AED-414F-4228-9D52-E29E6E86DFF2}.Debug|x86.ActiveCfg = Debug|x86
		{DE9E8AED-414F-4228-9D52-E29E6E86DFF2}.Debug|x86.Build.0 = Debug|x86
		{DE9E8AED-414F-4228-9D52-E29E6E86DFF2}.Debug|x86.Deploy.0 = Debug|x86
		{DE9E8AED-414F-4228-9D52-E29E6E86DFF2}.Release|ARM.ActiveCfg = Release|ARM
		{DE9E8AED-414F-4228-9D52-E29E6E86DFF2}.Release|ARM.Build.0 = Release|ARM
		{DE9E8AED-414F-4228-9D52-E29E6E86DFF2}.Release|ARM.Deploy.0 = Release|ARM
		{DE9E8AED-414F-4228-9D52-E29E6E86DFF2}.Release|ARM64.ActiveCfg = Release|ARM64
		{DE9E8AED-414F-4228-9D52-E29E6E86DFF2}.Release|ARM64.Build.0 = Release|ARM64
		{DE9E8AED-414F-4228-9D52-E29E6E86DFF2}.Release|ARM64.Deploy.0 = Release|ARM64
		{DE9E8AED-414F-4228-9D52-E29E6E86DFF2}.Release|x64.ActiveCfg = Release|x64
		{DE9E8AED-414F-4228-9D52-E29E6E86DFF2}.Release|x64.Build.0 = Release|x64
		{DE9E8AED-414F-4228-9D52-E29E6E86DFF2}.Release|x64.Deploy.0 = Release|x64
		{DE9E8AED-414F-4228-9D52-E29E6E86DFF2}.Release|x86.ActiveCfg = Release|x86
		{DE9E8AED-414F-4228-9D52-E29E6E86DFF2}.Release|x86.Build.0 = Release|x86
		{DE9E8AED-414F-4228-9D52-E29E6E86DFF2}.Release|x86.Deploy.0 = Release|x86
	EndGlobalSection
	GlobalSection(SolutionProperties) = preSolution
		HideSolutionNode = FALSE
	EndGlobalSection
	GlobalSection(ExtensibilityGlobals) = postSolution
		SolutionGuid = {5B01B0E1-71F6-4CBD-9045-EFD1CFB67957}
	EndGlobalSection
EndGlobal
